
Microsoft Visual Studio Solution File, Format Version 12.00
# Visual Studio Version 17
VisualStudioVersion = 17.9.34728.123
MinimumVisualStudioVersion = 10.0.40219.1
Project("{FAE04EC0-301F-11D3-BF4B-00C04F79EFBC}") = "From-Village-to-Empire-Extractor", "From-Village-to-Empire-Extractor.csproj", "{2318C617-9961-42CB-B82F-2DA698CBA4C7}"
EndProject
Global
	GlobalSection(SolutionConfigurationPlatforms) = preSolution
		Debug|Any CPU = Debug|Any CPU
		Release|Any CPU = Release|Any CPU
	EndGlobalSection
	GlobalSection(ProjectConfigurationPlatforms) = postSolution
		{2318C617-9961-42CB-B82F-2DA698CBA4C7}.Debug|Any CPU.ActiveCfg = Debug|Any CPU
		{2318C617-9961-42CB-B82F-2DA698CBA4C7}.Debug|Any CPU.Build.0 = Debug|Any CPU
		{2318C617-9961-42CB-B82F-2DA698CBA4C7}.Release|Any CPU.ActiveCfg = Release|Any CPU
		{2318C617-9961-42CB-B82F-2DA698CBA4C7}.Release|Any CPU.Build.0 = Release|Any CPU
	EndGlobalSection
	GlobalSection(SolutionProperties) = preSolution
		HideSolutionNode = FALSE
	EndGlobalSection
	GlobalSection(ExtensibilityGlobals) = postSolution
		SolutionGuid = {2EF8375E-57D1-4F11-9F5B-49126A7BA5EA}
	EndGlobalSection
EndGlobal
